
Microsoft Visual Studio Solution File, Format Version 12.00
# Visual Studio Version 17
VisualStudioVersion = 17.6.33723.286
MinimumVisualStudioVersion = 10.0.40219.1
Project("{FAE04EC0-301F-11D3-BF4B-00C04F79EFBC}") = "SyncFrameTool_NET", "SyncFrameTool_NET\SyncFrameTool_NET.csproj", "{F8C324B9-DD17-47CD-943A-1B7C68D091DB}"
EndProject
Global
	GlobalSection(SolutionConfigurationPlatforms) = preSolution
		Debug|Any CPU = Debug|Any CPU
		Release|Any CPU = Release|Any CPU
	EndGlobalSection
	GlobalSection(ProjectConfigurationPlatforms) = postSolution
		{F8C324B9-DD17-47CD-943A-1B7C68D091DB}.Debug|Any CPU.ActiveCfg = Debug|Any CPU
		{F8C324B9-DD17-47CD-943A-1B7C68D091DB}.Debug|Any CPU.Build.0 = Debug|Any CPU
		{F8C324B9-DD17-47CD-943A-1B7C68D091DB}.Release|Any CPU.ActiveCfg = Release|Any CPU
		{F8C324B9-DD17-47CD-943A-1B7C68D091DB}.Release|Any CPU.Build.0 = Release|Any CPU
	EndGlobalSection
	GlobalSection(SolutionProperties) = preSolution
		HideSolutionNode = FALSE
	EndGlobalSection
	GlobalSection(ExtensibilityGlobals) = postSolution
		SolutionGuid = {6B3EF977-9650-436D-A03B-E559A3DD6892}
	EndGlobalSection
EndGlobal
